// !$*UTF8*$!
{
	archiveVersion = 1;
	classes = {
	};
	objectVersion = 46;
	objects = {

/* Begin PBXBuildFile section */
		7BF36EA486B788E3A2CD4269 /* Pods_EdpOnline.framework in Frameworks */ = {isa = PBXBuildFile; fileRef = DF0B71E0B51B7B27ECBF4881 /* Pods_EdpOnline.framework */; };
		D00373082002F06800C0D2A6 /* PhotoLocation.swift in Sources */ = {isa = PBXBuildFile; fileRef = D00373072002F06800C0D2A6 /* PhotoLocation.swift */; };
		D00983CA1F7B21E2002EF018 /* SettingsControllerView.swift in Sources */ = {isa = PBXBuildFile; fileRef = D00983C91F7B21E2002EF018 /* SettingsControllerView.swift */; };
		D00EC05D1F7BCF9000198884 /* ControllerSideMenu.swift in Sources */ = {isa = PBXBuildFile; fileRef = D00EC05C1F7BCF9000198884 /* ControllerSideMenu.swift */; };
		D01A74F31FD0F78F00BE8711 /* KeyboardContraint.swift in Sources */ = {isa = PBXBuildFile; fileRef = D01A74F21FD0F78F00BE8711 /* KeyboardContraint.swift */; };
		D01F91151F8BA4F1006EAC9B /* AppSingleton.swift in Sources */ = {isa = PBXBuildFile; fileRef = D01F91141F8BA4F1006EAC9B /* AppSingleton.swift */; };
		D01FBF921F81B2C800908931 /* PrizesControllerView.xib in Resources */ = {isa = PBXBuildFile; fileRef = D01FBF911F81B2C800908931 /* PrizesControllerView.xib */; };
		D01FBF941F81B2E400908931 /* PrizesControllerView.swift in Sources */ = {isa = PBXBuildFile; fileRef = D01FBF931F81B2E400908931 /* PrizesControllerView.swift */; };
		D02A8B971FC357C700B4DE9F /* TreeTableViewCell.swift in Sources */ = {isa = PBXBuildFile; fileRef = D02A8B961FC357C700B4DE9F /* TreeTableViewCell.swift */; };
		D02A8B991FC35B8F00B4DE9F /* WebImageView.swift in Sources */ = {isa = PBXBuildFile; fileRef = D02A8B981FC35B8F00B4DE9F /* WebImageView.swift */; };
		D06B22861F8459B100FD0EAE /* InfoRankingForacaster.swift in Sources */ = {isa = PBXBuildFile; fileRef = D06B22851F8459B100FD0EAE /* InfoRankingForacaster.swift */; };
		D0B187501F79C4CA00DC1D5B /* RankingControllerView.xib in Resources */ = {isa = PBXBuildFile; fileRef = D0B1874F1F79C4CA00DC1D5B /* RankingControllerView.xib */; };
		D0B187531F79D5D700DC1D5B /* SettingsControllerView.xib in Resources */ = {isa = PBXBuildFile; fileRef = D0B187521F79D5D700DC1D5B /* SettingsControllerView.xib */; };
		D0B73B271FB542AF007ACC40 /* MapKit.framework in Frameworks */ = {isa = PBXBuildFile; fileRef = D0B73B261FB542AF007ACC40 /* MapKit.framework */; };
		D0B73B2B1FB67203007ACC40 /* LoginControllerView.swift in Sources */ = {isa = PBXBuildFile; fileRef = D0B73B2A1FB67203007ACC40 /* LoginControllerView.swift */; };
		D0BEAD4D1FF735B6001419B4 /* TreeDetailViewCell.swift in Sources */ = {isa = PBXBuildFile; fileRef = D0BEAD4C1FF735B6001419B4 /* TreeDetailViewCell.swift */; };
		D0BFBF061F756A92009B1F11 /* AppDelegate.swift in Sources */ = {isa = PBXBuildFile; fileRef = D0BFBF051F756A92009B1F11 /* AppDelegate.swift */; };
		D0BFBF081F756A92009B1F11 /* ViewController.swift in Sources */ = {isa = PBXBuildFile; fileRef = D0BFBF071F756A92009B1F11 /* ViewController.swift */; };
		D0BFBF0B1F756A92009B1F11 /* Main.storyboard in Resources */ = {isa = PBXBuildFile; fileRef = D0BFBF091F756A92009B1F11 /* Main.storyboard */; };
		D0BFBF0D1F756A92009B1F11 /* Assets.xcassets in Resources */ = {isa = PBXBuildFile; fileRef = D0BFBF0C1F756A92009B1F11 /* Assets.xcassets */; };
		D0BFBF101F756A92009B1F11 /* LaunchScreen.storyboard in Resources */ = {isa = PBXBuildFile; fileRef = D0BFBF0E1F756A92009B1F11 /* LaunchScreen.storyboard */; };
		D0E003061FE827F200B541BA /* User.swift in Sources */ = {isa = PBXBuildFile; fileRef = D0E003051FE827F200B541BA /* User.swift */; };
		D0EFFB9C1FBD40D4001CEE2F /* MapPlaceTreeAnnotation.swift in Sources */ = {isa = PBXBuildFile; fileRef = D0EFFB9B1FBD40D3001CEE2F /* MapPlaceTreeAnnotation.swift */; };
		D0F049B31FDF820700CA6B2A /* Scratch.swift in Sources */ = {isa = PBXBuildFile; fileRef = D0F049B21FDF820700CA6B2A /* Scratch.swift */; };
		D0F1BF351FF5E1B500DCB161 /* TreeDetailsControllerView.swift in Sources */ = {isa = PBXBuildFile; fileRef = D0F1BF341FF5E1B500DCB161 /* TreeDetailsControllerView.swift */; };
		D0F8282B1F814B3B00AB9688 /* RankingControllerView.swift in Sources */ = {isa = PBXBuildFile; fileRef = D0F8282A1F814B3A00AB9688 /* RankingControllerView.swift */; };
		D0F88F901F784DFD003424BA /* RoundViewCustom.swift in Sources */ = {isa = PBXBuildFile; fileRef = D0F88F8F1F784DFD003424BA /* RoundViewCustom.swift */; };
		D0F88F941F7861F2003424BA /* SideMenuView.swift in Sources */ = {isa = PBXBuildFile; fileRef = D0F88F931F7861F2003424BA /* SideMenuView.swift */; };
/* End PBXBuildFile section */

/* Begin PBXFileReference section */
		6B3D99D1166E75AAEA618182 /* Pods-EdpOnline.release.xcconfig */ = {isa = PBXFileReference; includeInIndex = 1; lastKnownFileType = text.xcconfig; name = "Pods-EdpOnline.release.xcconfig"; path = "Pods/Target Support Files/Pods-EdpOnline/Pods-EdpOnline.release.xcconfig"; sourceTree = "<group>"; };
		D00373072002F06800C0D2A6 /* PhotoLocation.swift */ = {isa = PBXFileReference; lastKnownFileType = sourcecode.swift; path = PhotoLocation.swift; sourceTree = "<group>"; };
		D00983C91F7B21E2002EF018 /* SettingsControllerView.swift */ = {isa = PBXFileReference; lastKnownFileType = sourcecode.swift; path = SettingsControllerView.swift; sourceTree = "<group>"; };
		D00EC05C1F7BCF9000198884 /* ControllerSideMenu.swift */ = {isa = PBXFileReference; lastKnownFileType = sourcecode.swift; path = ControllerSideMenu.swift; sourceTree = "<group>"; };
		D01A74F21FD0F78F00BE8711 /* KeyboardContraint.swift */ = {isa = PBXFileReference; fileEncoding = 4; lastKnownFileType = sourcecode.swift; path = KeyboardContraint.swift; sourceTree = "<group>"; };
		D01F91141F8BA4F1006EAC9B /* AppSingleton.swift */ = {isa = PBXFileReference; lastKnownFileType = sourcecode.swift; path = AppSingleton.swift; sourceTree = "<group>"; };
		D01FBF911F81B2C800908931 /* PrizesControllerView.xib */ = {isa = PBXFileReference; lastKnownFileType = file.xib; path = PrizesControllerView.xib; sourceTree = "<group>"; };
		D01FBF931F81B2E400908931 /* PrizesControllerView.swift */ = {isa = PBXFileReference; lastKnownFileType = sourcecode.swift; path = PrizesControllerView.swift; sourceTree = "<group>"; };
		D02A8B961FC357C700B4DE9F /* TreeTableViewCell.swift */ = {isa = PBXFileReference; lastKnownFileType = sourcecode.swift; path = TreeTableViewCell.swift; sourceTree = "<group>"; };
		D02A8B981FC35B8F00B4DE9F /* WebImageView.swift */ = {isa = PBXFileReference; lastKnownFileType = sourcecode.swift; path = WebImageView.swift; sourceTree = "<group>"; };
		D06B22851F8459B100FD0EAE /* InfoRankingForacaster.swift */ = {isa = PBXFileReference; lastKnownFileType = sourcecode.swift; path = InfoRankingForacaster.swift; sourceTree = "<group>"; };
		D0B1874F1F79C4CA00DC1D5B /* RankingControllerView.xib */ = {isa = PBXFileReference; fileEncoding = 4; lastKnownFileType = file.xib; path = RankingControllerView.xib; sourceTree = "<group>"; };
		D0B187521F79D5D700DC1D5B /* SettingsControllerView.xib */ = {isa = PBXFileReference; fileEncoding = 4; lastKnownFileType = file.xib; path = SettingsControllerView.xib; sourceTree = "<group>"; };
		D0B73B261FB542AF007ACC40 /* MapKit.framework */ = {isa = PBXFileReference; lastKnownFileType = wrapper.framework; name = MapKit.framework; path = System/Library/Frameworks/MapKit.framework; sourceTree = SDKROOT; };
		D0B73B2A1FB67203007ACC40 /* LoginControllerView.swift */ = {isa = PBXFileReference; lastKnownFileType = sourcecode.swift; path = LoginControllerView.swift; sourceTree = "<group>"; };
		D0BEAD4C1FF735B6001419B4 /* TreeDetailViewCell.swift */ = {isa = PBXFileReference; lastKnownFileType = sourcecode.swift; path = TreeDetailViewCell.swift; sourceTree = "<group>"; };
		D0BFBF021F756A92009B1F11 /* EdpOnline.app */ = {isa = PBXFileReference; explicitFileType = wrapper.application; includeInIndex = 0; path = EdpOnline.app; sourceTree = BUILT_PRODUCTS_DIR; };
		D0BFBF051F756A92009B1F11 /* AppDelegate.swift */ = {isa = PBXFileReference; lastKnownFileType = sourcecode.swift; path = AppDelegate.swift; sourceTree = "<group>"; };
		D0BFBF071F756A92009B1F11 /* ViewController.swift */ = {isa = PBXFileReference; lastKnownFileType = sourcecode.swift; path = ViewController.swift; sourceTree = "<group>"; };
		D0BFBF0A1F756A92009B1F11 /* Base */ = {isa = PBXFileReference; lastKnownFileType = file.storyboard; name = Base; path = Base.lproj/Main.storyboard; sourceTree = "<group>"; };
		D0BFBF0C1F756A92009B1F11 /* Assets.xcassets */ = {isa = PBXFileReference; lastKnownFileType = folder.assetcatalog; path = Assets.xcassets; sourceTree = "<group>"; };
		D0BFBF0F1F756A92009B1F11 /* Base */ = {isa = PBXFileReference; lastKnownFileType = file.storyboard; name = Base; path = Base.lproj/LaunchScreen.storyboard; sourceTree = "<group>"; };
		D0BFBF111F756A92009B1F11 /* Info.plist */ = {isa = PBXFileReference; lastKnownFileType = text.plist.xml; path = Info.plist; sourceTree = "<group>"; };
		D0E003051FE827F200B541BA /* User.swift */ = {isa = PBXFileReference; lastKnownFileType = sourcecode.swift; path = User.swift; sourceTree = "<group>"; };
		D0EFFB9B1FBD40D3001CEE2F /* MapPlaceTreeAnnotation.swift */ = {isa = PBXFileReference; lastKnownFileType = sourcecode.swift; path = MapPlaceTreeAnnotation.swift; sourceTree = "<group>"; };
		D0F049B21FDF820700CA6B2A /* Scratch.swift */ = {isa = PBXFileReference; lastKnownFileType = sourcecode.swift; path = Scratch.swift; sourceTree = "<group>"; };
		D0F1BF341FF5E1B500DCB161 /* TreeDetailsControllerView.swift */ = {isa = PBXFileReference; lastKnownFileType = sourcecode.swift; path = TreeDetailsControllerView.swift; sourceTree = "<group>"; };
		D0F8282A1F814B3A00AB9688 /* RankingControllerView.swift */ = {isa = PBXFileReference; lastKnownFileType = sourcecode.swift; path = RankingControllerView.swift; sourceTree = "<group>"; };
		D0F88F8F1F784DFD003424BA /* RoundViewCustom.swift */ = {isa = PBXFileReference; fileEncoding = 4; lastKnownFileType = sourcecode.swift; path = RoundViewCustom.swift; sourceTree = "<group>"; };
		D0F88F931F7861F2003424BA /* SideMenuView.swift */ = {isa = PBXFileReference; fileEncoding = 4; lastKnownFileType = sourcecode.swift; path = SideMenuView.swift; sourceTree = "<group>"; };
		DF0B71E0B51B7B27ECBF4881 /* Pods_EdpOnline.framework */ = {isa = PBXFileReference; explicitFileType = wrapper.framework; includeInIndex = 0; path = Pods_EdpOnline.framework; sourceTree = BUILT_PRODUCTS_DIR; };
		F8CED7ACB602A6BDE070AD16 /* Pods-EdpOnline.debug.xcconfig */ = {isa = PBXFileReference; includeInIndex = 1; lastKnownFileType = text.xcconfig; name = "Pods-EdpOnline.debug.xcconfig"; path = "Pods/Target Support Files/Pods-EdpOnline/Pods-EdpOnline.debug.xcconfig"; sourceTree = "<group>"; };
/* End PBXFileReference section */

/* Begin PBXFrameworksBuildPhase section */
		D0BFBEFF1F756A92009B1F11 /* Frameworks */ = {
			isa = PBXFrameworksBuildPhase;
			buildActionMask = 2147483647;
			files = (
				D0B73B271FB542AF007ACC40 /* MapKit.framework in Frameworks */,
				7BF36EA486B788E3A2CD4269 /* Pods_EdpOnline.framework in Frameworks */,
			);
			runOnlyForDeploymentPostprocessing = 0;
		};
/* End PBXFrameworksBuildPhase section */

/* Begin PBXGroup section */
		1293A648BDF11597A64B397C /* Pods */ = {
			isa = PBXGroup;
			children = (
				F8CED7ACB602A6BDE070AD16 /* Pods-EdpOnline.debug.xcconfig */,
				6B3D99D1166E75AAEA618182 /* Pods-EdpOnline.release.xcconfig */,
			);
			name = Pods;
			sourceTree = "<group>";
		};
		229B579A8F225EE46370D2A5 /* Frameworks */ = {
			isa = PBXGroup;
			children = (
				D0B73B261FB542AF007ACC40 /* MapKit.framework */,
				DF0B71E0B51B7B27ECBF4881 /* Pods_EdpOnline.framework */,
			);
			name = Frameworks;
			sourceTree = "<group>";
		};
		D01F91111F8B03FA006EAC9B /* Screens */ = {
			isa = PBXGroup;
			children = (
				D01FBF931F81B2E400908931 /* PrizesControllerView.swift */,
				D00983C91F7B21E2002EF018 /* SettingsControllerView.swift */,
				D0B73B2A1FB67203007ACC40 /* LoginControllerView.swift */,
				D0F8282A1F814B3A00AB9688 /* RankingControllerView.swift */,
			);
			name = Screens;
			sourceTree = "<group>";
		};
		D01FBF901F81B1E200908931 /* PrizesControllerView */ = {
			isa = PBXGroup;
			children = (
				D01FBF911F81B2C800908931 /* PrizesControllerView.xib */,
			);
			name = PrizesControllerView;
			sourceTree = "<group>";
		};
		D0B1874A1F79C3EF00DC1D5B /* Controller */ = {
			isa = PBXGroup;
			children = (
				D01F91111F8B03FA006EAC9B /* Screens */,
				D0BFBF071F756A92009B1F11 /* ViewController.swift */,
				D00EC05C1F7BCF9000198884 /* ControllerSideMenu.swift */,
				D0BFBF051F756A92009B1F11 /* AppDelegate.swift */,
				D0F1BF341FF5E1B500DCB161 /* TreeDetailsControllerView.swift */,
			);
			name = Controller;
			sourceTree = "<group>";
		};
		D0B1874B1F79C40C00DC1D5B /* View */ = {
			isa = PBXGroup;
			children = (
				D01FBF901F81B1E200908931 /* PrizesControllerView */,
				D0B187511F79D59D00DC1D5B /* SettingsControllerView */,
				D0B1874E1F79C43A00DC1D5B /* RankingControllerView */,
				D0BFBF091F756A92009B1F11 /* Main.storyboard */,
				D0BFBF0E1F756A92009B1F11 /* LaunchScreen.storyboard */,
			);
			name = View;
			sourceTree = "<group>";
		};
		D0B1874C1F79C41700DC1D5B /* Imagem */ = {
			isa = PBXGroup;
			children = (
				D0BFBF0C1F756A92009B1F11 /* Assets.xcassets */,
			);
			name = Imagem;
			sourceTree = "<group>";
		};
		D0B1874D1F79C42400DC1D5B /* Suporte */ = {
			isa = PBXGroup;
			children = (
				D0BFBF031F756A92009B1F11 /* Products */,
				D0BFBF111F756A92009B1F11 /* Info.plist */,
				D0F88F8F1F784DFD003424BA /* RoundViewCustom.swift */,
				D0F88F931F7861F2003424BA /* SideMenuView.swift */,
				D06B22851F8459B100FD0EAE /* InfoRankingForacaster.swift */,
				D0EFFB9B1FBD40D3001CEE2F /* MapPlaceTreeAnnotation.swift */,
				D01A74F21FD0F78F00BE8711 /* KeyboardContraint.swift */,
				D02A8B961FC357C700B4DE9F /* TreeTableViewCell.swift */,
				D02A8B981FC35B8F00B4DE9F /* WebImageView.swift */,
				D0F049B21FDF820700CA6B2A /* Scratch.swift */,
				D0BEAD4C1FF735B6001419B4 /* TreeDetailViewCell.swift */,
				D01F91141F8BA4F1006EAC9B /* AppSingleton.swift */,
			);
			name = Suporte;
			sourceTree = "<group>";
		};
		D0B1874E1F79C43A00DC1D5B /* RankingControllerView */ = {
			isa = PBXGroup;
			children = (
				D0B1874F1F79C4CA00DC1D5B /* RankingControllerView.xib */,
			);
			name = RankingControllerView;
			sourceTree = "<group>";
		};
		D0B187511F79D59D00DC1D5B /* SettingsControllerView */ = {
			isa = PBXGroup;
			children = (
				D0B187521F79D5D700DC1D5B /* SettingsControllerView.xib */,
			);
			name = SettingsControllerView;
			sourceTree = "<group>";
		};
		D0BFBEF91F756A92009B1F11 = {
			isa = PBXGroup;
			children = (
				D0BFBF041F756A92009B1F11 /* EdpOnline */,
				1293A648BDF11597A64B397C /* Pods */,
				229B579A8F225EE46370D2A5 /* Frameworks */,
			);
			sourceTree = "<group>";
		};
		D0BFBF031F756A92009B1F11 /* Products */ = {
			isa = PBXGroup;
			children = (
				D0BFBF021F756A92009B1F11 /* EdpOnline.app */,
			);
			name = Products;
			path = ..;
			sourceTree = "<group>";
		};
		D0BFBF041F756A92009B1F11 /* EdpOnline */ = {
			isa = PBXGroup;
			children = (
				D0B1874D1F79C42400DC1D5B /* Suporte */,
				D0B1874C1F79C41700DC1D5B /* Imagem */,
				D0B1874A1F79C3EF00DC1D5B /* Controller */,
				D0B1874B1F79C40C00DC1D5B /* View */,
				D0E003041FE8237100B541BA /* Model */,
			);
			path = EdpOnline;
			sourceTree = "<group>";
		};
		D0E003041FE8237100B541BA /* Model */ = {
			isa = PBXGroup;
			children = (
				D0E003051FE827F200B541BA /* User.swift */,
				D00373072002F06800C0D2A6 /* PhotoLocation.swift */,
			);
			name = Model;
			sourceTree = "<group>";
		};
/* End PBXGroup section */

/* Begin PBXNativeTarget section */
		D0BFBF011F756A92009B1F11 /* EdpOnline */ = {
			isa = PBXNativeTarget;
			buildConfigurationList = D0BFBF141F756A92009B1F11 /* Build configuration list for PBXNativeTarget "EdpOnline" */;
			buildPhases = (
				AB6DAD533E63CF4AF1C027D9 /* [CP] Check Pods Manifest.lock */,
				D0BFBEFE1F756A92009B1F11 /* Sources */,
				D0BFBEFF1F756A92009B1F11 /* Frameworks */,
				D0BFBF001F756A92009B1F11 /* Resources */,
				E1C022BAB271733BC743390B /* [CP] Embed Pods Frameworks */,
				42400990C28C8757E4541E2C /* [CP] Copy Pods Resources */,
			);
			buildRules = (
			);
			dependencies = (
			);
			name = EdpOnline;
			productName = EdpOnline;
			productReference = D0BFBF021F756A92009B1F11 /* EdpOnline.app */;
			productType = "com.apple.product-type.application";
		};
/* End PBXNativeTarget section */

/* Begin PBXProject section */
		D0BFBEFA1F756A92009B1F11 /* Project object */ = {
			isa = PBXProject;
			attributes = {
				LastSwiftUpdateCheck = 0830;
				LastUpgradeCheck = 0900;
				ORGANIZATIONNAME = "MACBOOK AIR";
				TargetAttributes = {
					D0BFBF011F756A92009B1F11 = {
						CreatedOnToolsVersion = 8.3.3;
						DevelopmentTeam = 3MSY48RE9K;
						LastSwiftMigration = 0900;
						ProvisioningStyle = Automatic;
						SystemCapabilities = {
							com.apple.Maps.iOS = {
								enabled = 1;
							};
						};
					};
				};
			};
			buildConfigurationList = D0BFBEFD1F756A92009B1F11 /* Build configuration list for PBXProject "EdpOnline" */;
			compatibilityVersion = "Xcode 3.2";
			developmentRegion = English;
			hasScannedForEncodings = 0;
			knownRegions = (
				en,
				Base,
			);
			mainGroup = D0BFBEF91F756A92009B1F11;
			productRefGroup = D0BFBF031F756A92009B1F11 /* Products */;
			projectDirPath = "";
			projectRoot = "";
			targets = (
				D0BFBF011F756A92009B1F11 /* EdpOnline */,
			);
		};
/* End PBXProject section */

/* Begin PBXResourcesBuildPhase section */
		D0BFBF001F756A92009B1F11 /* Resources */ = {
			isa = PBXResourcesBuildPhase;
			buildActionMask = 2147483647;
			files = (
				D0BFBF101F756A92009B1F11 /* LaunchScreen.storyboard in Resources */,
				D01FBF921F81B2C800908931 /* PrizesControllerView.xib in Resources */,
				D0B187531F79D5D700DC1D5B /* SettingsControllerView.xib in Resources */,
				D0BFBF0D1F756A92009B1F11 /* Assets.xcassets in Resources */,
				D0B187501F79C4CA00DC1D5B /* RankingControllerView.xib in Resources */,
				D0BFBF0B1F756A92009B1F11 /* Main.storyboard in Resources */,
			);
			runOnlyForDeploymentPostprocessing = 0;
		};
/* End PBXResourcesBuildPhase section */

/* Begin PBXShellScriptBuildPhase section */
		42400990C28C8757E4541E2C /* [CP] Copy Pods Resources */ = {
			isa = PBXShellScriptBuildPhase;
			buildActionMask = 2147483647;
			files = (
			);
			inputPaths = (
			);
			name = "[CP] Copy Pods Resources";
			outputPaths = (
			);
			runOnlyForDeploymentPostprocessing = 0;
			shellPath = /bin/sh;
			shellScript = "\"${SRCROOT}/Pods/Target Support Files/Pods-EdpOnline/Pods-EdpOnline-resources.sh\"\n";
			showEnvVarsInLog = 0;
		};
		AB6DAD533E63CF4AF1C027D9 /* [CP] Check Pods Manifest.lock */ = {
			isa = PBXShellScriptBuildPhase;
			buildActionMask = 2147483647;
			files = (
			);
			inputPaths = (
				"${PODS_PODFILE_DIR_PATH}/Podfile.lock",
				"${PODS_ROOT}/Manifest.lock",
			);
			name = "[CP] Check Pods Manifest.lock";
			outputPaths = (
				"$(DERIVED_FILE_DIR)/Pods-EdpOnline-checkManifestLockResult.txt",
			);
			runOnlyForDeploymentPostprocessing = 0;
			shellPath = /bin/sh;
			shellScript = "diff \"${PODS_PODFILE_DIR_PATH}/Podfile.lock\" \"${PODS_ROOT}/Manifest.lock\" > /dev/null\nif [ $? != 0 ] ; then\n    # print error to STDERR\n    echo \"error: The sandbox is not in sync with the Podfile.lock. Run 'pod install' or update your CocoaPods installation.\" >&2\n    exit 1\nfi\n# This output is used by Xcode 'outputs' to avoid re-running this script phase.\necho \"SUCCESS\" > \"${SCRIPT_OUTPUT_FILE_0}\"\n";
			showEnvVarsInLog = 0;
		};
		E1C022BAB271733BC743390B /* [CP] Embed Pods Frameworks */ = {
			isa = PBXShellScriptBuildPhase;
			buildActionMask = 2147483647;
			files = (
			);
			inputPaths = (
				"${SRCROOT}/Pods/Target Support Files/Pods-EdpOnline/Pods-EdpOnline-frameworks.sh",
				"${BUILT_PRODUCTS_DIR}/Alamofire/Alamofire.framework",
				"${BUILT_PRODUCTS_DIR}/AlamofireImage/AlamofireImage.framework",
			);
			name = "[CP] Embed Pods Frameworks";
			outputPaths = (
				"${TARGET_BUILD_DIR}/${FRAMEWORKS_FOLDER_PATH}/Alamofire.framework",
				"${TARGET_BUILD_DIR}/${FRAMEWORKS_FOLDER_PATH}/AlamofireImage.framework",
			);
			runOnlyForDeploymentPostprocessing = 0;
			shellPath = /bin/sh;
			shellScript = "\"${SRCROOT}/Pods/Target Support Files/Pods-EdpOnline/Pods-EdpOnline-frameworks.sh\"\n";
			showEnvVarsInLog = 0;
		};
/* End PBXShellScriptBuildPhase section */

/* Begin PBXSourcesBuildPhase section */
		D0BFBEFE1F756A92009B1F11 /* Sources */ = {
			isa = PBXSourcesBuildPhase;
			buildActionMask = 2147483647;
			files = (
				D0F049B31FDF820700CA6B2A /* Scratch.swift in Sources */,
				D00373082002F06800C0D2A6 /* PhotoLocation.swift in Sources */,
				D00EC05D1F7BCF9000198884 /* ControllerSideMenu.swift in Sources */,
				D0EFFB9C1FBD40D4001CEE2F /* MapPlaceTreeAnnotation.swift in Sources */,
				D00983CA1F7B21E2002EF018 /* SettingsControllerView.swift in Sources */,
				D0BEAD4D1FF735B6001419B4 /* TreeDetailViewCell.swift in Sources */,
				D02A8B991FC35B8F00B4DE9F /* WebImageView.swift in Sources */,
				D0BFBF081F756A92009B1F11 /* ViewController.swift in Sources */,
				D01F91151F8BA4F1006EAC9B /* AppSingleton.swift in Sources */,
				D0F1BF351FF5E1B500DCB161 /* TreeDetailsControllerView.swift in Sources */,
				D0E003061FE827F200B541BA /* User.swift in Sources */,
				D02A8B971FC357C700B4DE9F /* TreeTableViewCell.swift in Sources */,
				D0F88F941F7861F2003424BA /* SideMenuView.swift in Sources */,
				D06B22861F8459B100FD0EAE /* InfoRankingForacaster.swift in Sources */,
				D0F88F901F784DFD003424BA /* RoundViewCustom.swift in Sources */,
				D0F8282B1F814B3B00AB9688 /* RankingControllerView.swift in Sources */,
				D0BFBF061F756A92009B1F11 /* AppDelegate.swift in Sources */,
				D01FBF941F81B2E400908931 /* PrizesControllerView.swift in Sources */,
				D01A74F31FD0F78F00BE8711 /* KeyboardContraint.swift in Sources */,
				D0B73B2B1FB67203007ACC40 /* LoginControllerView.swift in Sources */,
			);
			runOnlyForDeploymentPostprocessing = 0;
		};
/* End PBXSourcesBuildPhase section */

/* Begin PBXVariantGroup section */
		D0BFBF091F756A92009B1F11 /* Main.storyboard */ = {
			isa = PBXVariantGroup;
			children = (
				D0BFBF0A1F756A92009B1F11 /* Base */,
			);
			name = Main.storyboard;
			sourceTree = "<group>";
		};
		D0BFBF0E1F756A92009B1F11 /* LaunchScreen.storyboard */ = {
			isa = PBXVariantGroup;
			children = (
				D0BFBF0F1F756A92009B1F11 /* Base */,
			);
			name = LaunchScreen.storyboard;
			sourceTree = "<group>";
		};
/* End PBXVariantGroup section */

/* Begin XCBuildConfiguration section */
		D0BFBF121F756A92009B1F11 /* Debug */ = {
			isa = XCBuildConfiguration;
			buildSettings = {
				ALWAYS_SEARCH_USER_PATHS = NO;
				CLANG_ANALYZER_NONNULL = YES;
				CLANG_ANALYZER_NUMBER_OBJECT_CONVERSION = YES_AGGRESSIVE;
				CLANG_CXX_LANGUAGE_STANDARD = "gnu++0x";
				CLANG_CXX_LIBRARY = "libc++";
				CLANG_ENABLE_MODULES = YES;
				CLANG_ENABLE_OBJC_ARC = YES;
				CLANG_WARN_BLOCK_CAPTURE_AUTORELEASING = YES;
				CLANG_WARN_BOOL_CONVERSION = YES;
				CLANG_WARN_COMMA = YES;
				CLANG_WARN_CONSTANT_CONVERSION = YES;
				CLANG_WARN_DIRECT_OBJC_ISA_USAGE = YES_ERROR;
				CLANG_WARN_DOCUMENTATION_COMMENTS = YES;
				CLANG_WARN_EMPTY_BODY = YES;
				CLANG_WARN_ENUM_CONVERSION = YES;
				CLANG_WARN_INFINITE_RECURSION = YES;
				CLANG_WARN_INT_CONVERSION = YES;
				CLANG_WARN_NON_LITERAL_NULL_CONVERSION = YES;
				CLANG_WARN_OBJC_LITERAL_CONVERSION = YES;
				CLANG_WARN_OBJC_ROOT_CLASS = YES_ERROR;
				CLANG_WARN_RANGE_LOOP_ANALYSIS = YES;
				CLANG_WARN_STRICT_PROTOTYPES = YES;
				CLANG_WARN_SUSPICIOUS_MOVE = YES;
				CLANG_WARN_UNREACHABLE_CODE = YES;
				CLANG_WARN__DUPLICATE_METHOD_MATCH = YES;
				"CODE_SIGN_IDENTITY[sdk=iphoneos*]" = "iPhone Developer";
				COPY_PHASE_STRIP = NO;
				DEBUG_INFORMATION_FORMAT = dwarf;
				ENABLE_STRICT_OBJC_MSGSEND = YES;
				ENABLE_TESTABILITY = YES;
				GCC_C_LANGUAGE_STANDARD = gnu99;
				GCC_DYNAMIC_NO_PIC = NO;
				GCC_NO_COMMON_BLOCKS = YES;
				GCC_OPTIMIZATION_LEVEL = 0;
				GCC_PREPROCESSOR_DEFINITIONS = (
					"DEBUG=1",
					"$(inherited)",
				);
				GCC_WARN_64_TO_32_BIT_CONVERSION = YES;
				GCC_WARN_ABOUT_RETURN_TYPE = YES_ERROR;
				GCC_WARN_UNDECLARED_SELECTOR = YES;
				GCC_WARN_UNINITIALIZED_AUTOS = YES_AGGRESSIVE;
				GCC_WARN_UNUSED_FUNCTION = YES;
				GCC_WARN_UNUSED_VARIABLE = YES;
				IPHONEOS_DEPLOYMENT_TARGET = 10.0;
				MTL_ENABLE_DEBUG_INFO = YES;
				ONLY_ACTIVE_ARCH = YES;
				SDKROOT = iphoneos;
				SWIFT_ACTIVE_COMPILATION_CONDITIONS = DEBUG;
				SWIFT_OPTIMIZATION_LEVEL = "-Onone";
				TARGETED_DEVICE_FAMILY = "1,2";
			};
			name = Debug;
		};
		D0BFBF131F756A92009B1F11 /* Release */ = {
			isa = XCBuildConfiguration;
			buildSettings = {
				ALWAYS_SEARCH_USER_PATHS = NO;
				CLANG_ANALYZER_NONNULL = YES;
				CLANG_ANALYZER_NUMBER_OBJECT_CONVERSION = YES_AGGRESSIVE;
				CLANG_CXX_LANGUAGE_STANDARD = "gnu++0x";
				CLANG_CXX_LIBRARY = "libc++";
				CLANG_ENABLE_MODULES = YES;
				CLANG_ENABLE_OBJC_ARC = YES;
				CLANG_WARN_BLOCK_CAPTURE_AUTORELEASING = YES;
				CLANG_WARN_BOOL_CONVERSION = YES;
				CLANG_WARN_COMMA = YES;
				CLANG_WARN_CONSTANT_CONVERSION = YES;
				CLANG_WARN_DIRECT_OBJC_ISA_USAGE = YES_ERROR;
				CLANG_WARN_DOCUMENTATION_COMMENTS = YES;
				CLANG_WARN_EMPTY_BODY = YES;
				CLANG_WARN_ENUM_CONVERSION = YES;
				CLANG_WARN_INFINITE_RECURSION = YES;
				CLANG_WARN_INT_CONVERSION = YES;
				CLANG_WARN_NON_LITERAL_NULL_CONVERSION = YES;
				CLANG_WARN_OBJC_LITERAL_CONVERSION = YES;
				CLANG_WARN_OBJC_ROOT_CLASS = YES_ERROR;
				CLANG_WARN_RANGE_LOOP_ANALYSIS = YES;
				CLANG_WARN_STRICT_PROTOTYPES = YES;
				CLANG_WARN_SUSPICIOUS_MOVE = YES;
				CLANG_WARN_UNREACHABLE_CODE = YES;
				CLANG_WARN__DUPLICATE_METHOD_MATCH = YES;
				"CODE_SIGN_IDENTITY[sdk=iphoneos*]" = "iPhone Developer";
				COPY_PHASE_STRIP = NO;
				DEBUG_INFORMATION_FORMAT = "dwarf-with-dsym";
				ENABLE_NS_ASSERTIONS = NO;
				ENABLE_STRICT_OBJC_MSGSEND = YES;
				GCC_C_LANGUAGE_STANDARD = gnu99;
				GCC_NO_COMMON_BLOCKS = YES;
				GCC_WARN_64_TO_32_BIT_CONVERSION = YES;
				GCC_WARN_ABOUT_RETURN_TYPE = YES_ERROR;
				GCC_WARN_UNDECLARED_SELECTOR = YES;
				GCC_WARN_UNINITIALIZED_AUTOS = YES_AGGRESSIVE;
				GCC_WARN_UNUSED_FUNCTION = YES;
				GCC_WARN_UNUSED_VARIABLE = YES;
				IPHONEOS_DEPLOYMENT_TARGET = 10.0;
				MTL_ENABLE_DEBUG_INFO = NO;
				SDKROOT = iphoneos;
				SWIFT_OPTIMIZATION_LEVEL = "-Owholemodule";
				TARGETED_DEVICE_FAMILY = "1,2";
				VALIDATE_PRODUCT = YES;
			};
			name = Release;
		};
		D0BFBF151F756A92009B1F11 /* Debug */ = {
			isa = XCBuildConfiguration;
			baseConfigurationReference = F8CED7ACB602A6BDE070AD16 /* Pods-EdpOnline.debug.xcconfig */;
			buildSettings = {
				ASSETCATALOG_COMPILER_APPICON_NAME = AppIcon;
				"CODE_SIGN_IDENTITY[sdk=iphoneos*]" = "iPhone Developer";
				CODE_SIGN_STYLE = Automatic;
				DEVELOPMENT_TEAM = 3MSY48RE9K;
				INFOPLIST_FILE = EdpOnline/Info.plist;
				IPHONEOS_DEPLOYMENT_TARGET = 10.0;
				LD_RUNPATH_SEARCH_PATHS = "$(inherited) @executable_path/Frameworks";
				PRODUCT_BUNDLE_IDENTIFIER = edponlinehouse90;
				PRODUCT_NAME = "$(TARGET_NAME)";
				PROVISIONING_PROFILE_SPECIFIER = "";
				SWIFT_SWIFT3_OBJC_INFERENCE = On;
				SWIFT_VERSION = 4.0;
				TARGETED_DEVICE_FAMILY = "1,2";
			};
			name = Debug;
		};
		D0BFBF161F756A92009B1F11 /* Release */ = {
			isa = XCBuildConfiguration;
			baseConfigurationReference = 6B3D99D1166E75AAEA618182 /* Pods-EdpOnline.release.xcconfig */;
			buildSettings = {
				ASSETCATALOG_COMPILER_APPICON_NAME = AppIcon;
				"CODE_SIGN_IDENTITY[sdk=iphoneos*]" = "iPhone Developer";
				CODE_SIGN_STYLE = Automatic;
				DEVELOPMENT_TEAM = 3MSY48RE9K;
				INFOPLIST_FILE = EdpOnline/Info.plist;
				IPHONEOS_DEPLOYMENT_TARGET = 10.0;
				LD_RUNPATH_SEARCH_PATHS = "$(inherited) @executable_path/Frameworks";
				PRODUCT_BUNDLE_IDENTIFIER = edponlinehouse90;
				PRODUCT_NAME = "$(TARGET_NAME)";
				PROVISIONING_PROFILE_SPECIFIER = "";
				SWIFT_SWIFT3_OBJC_INFERENCE = On;
				SWIFT_VERSION = 4.0;
				TARGETED_DEVICE_FAMILY = "1,2";
			};
			name = Release;
		};
/* End XCBuildConfiguration section */

/* Begin XCConfigurationList section */
		D0BFBEFD1F756A92009B1F11 /* Build configuration list for PBXProject "EdpOnline" */ = {
			isa = XCConfigurationList;
			buildConfigurations = (
				D0BFBF121F756A92009B1F11 /* Debug */,
				D0BFBF131F756A92009B1F11 /* Release */,
			);
			defaultConfigurationIsVisible = 0;
			defaultConfigurationName = Release;
		};
		D0BFBF141F756A92009B1F11 /* Build configuration list for PBXNativeTarget "EdpOnline" */ = {
			isa = XCConfigurationList;
			buildConfigurations = (
				D0BFBF151F756A92009B1F11 /* Debug */,
				D0BFBF161F756A92009B1F11 /* Release */,
			);
			defaultConfigurationIsVisible = 0;
			defaultConfigurationName = Release;
		};
/* End XCConfigurationList section */
	};
	rootObject = D0BFBEFA1F756A92009B1F11 /* Project object */;
}
